{
  "name": "ChatFusion Real Time Application",
  "lockfileVersion": 3,
  "requires": true,
  "packages": {
    "": {
      "dependencies": {
        "@lottiefiles/react-lottie-player": "^3.5.4",
        "lottie-react": "^2.4.0"
      }
    },
    "node_modules/@lottiefiles/react-lottie-player": {
      "version": "3.5.4",
      "resolved": "https://registry.npmjs.org/@lottiefiles/react-lottie-player/-/react-lottie-player-3.5.4.tgz",
      "integrity": "sha512-2FptWtHQ+o7MzdsMKSvNZ1Mz7xtKSYI0WL9HjZ1r+CvsXR3lbLQUDp7Pwx6qhg0Akm4VluQ+8/D1S1fcr1Ao4w==",
      "dependencies": {
        "lottie-web": "^5.12.2"
      },
      "peerDependencies": {
        "react": "16 - 18"
      }
    },
    "node_modules/lottie-react": {
      "version": "2.4.0",
      "resolved": "https://registry.npmjs.org/lottie-react/-/lottie-react-2.4.0.tgz",
      "integrity": "sha512-pDJGj+AQlnlyHvOHFK7vLdsDcvbuqvwPZdMlJ360wrzGFurXeKPr8SiRCjLf3LrNYKANQtSsh5dz9UYQHuqx4w==",
      "dependencies": {
        "lottie-web": "^5.10.2"
      },
      "peerDependencies": {
        "react": "^16.8.0 || ^17.0.0 || ^18.0.0",
        "react-dom": "^16.8.0 || ^17.0.0 || ^18.0.0"
      }
    },
    "node_modules/lottie-web": {
      "version": "5.12.2",
      "resolved": "https://registry.npmjs.org/lottie-web/-/lottie-web-5.12.2.tgz",
      "integrity": "sha512-uvhvYPC8kGPjXT3MyKMrL3JitEAmDMp30lVkuq/590Mw9ok6pWcFCwXJveo0t5uqYw1UREQHofD+jVpdjBv8wg=="
    }
  }
}
